
Microsoft Visual Studio Solution File, Format Version 12.00
# Visual Studio Version 16
VisualStudioVersion = 16.0.31105.61
MinimumVisualStudioVersion = 10.0.40219.1
Project("{FAE04EC0-301F-11D3-BF4B-00C04F79EFBC}") = "SwaggerAPI", "SwaggerAPI.csproj", "{98F4FD5A-DB06-49F5-9989-23617AC24D13}"
EndProject
Project("{FAE04EC0-301F-11D3-BF4B-00C04F79EFBC}") = "SwaggerAPI.Tests", "..\SwaggerAPI.Tests\SwaggerAPI.Tests.csproj", "{11490C0F-4373-4114-96B8-25761D05B766}"
EndProject
Global
	GlobalSection(SolutionConfigurationPlatforms) = preSolution
		Debug|Any CPU = Debug|Any CPU
		Release|Any CPU = Release|Any CPU
	EndGlobalSection
	GlobalSection(ProjectConfigurationPlatforms) = postSolution
		{98F4FD5A-DB06-49F5-9989-23617AC24D13}.Debug|Any CPU.ActiveCfg = Debug|Any CPU
		{98F4FD5A-DB06-49F5-9989-23617AC24D13}.Debug|Any CPU.Build.0 = Debug|Any CPU
		{98F4FD5A-DB06-49F5-9989-23617AC24D13}.Release|Any CPU.ActiveCfg = Release|Any CPU
		{98F4FD5A-DB06-49F5-9989-23617AC24D13}.Release|Any CPU.Build.0 = Release|Any CPU
		{11490C0F-4373-4114-96B8-25761D05B766}.Debug|Any CPU.ActiveCfg = Debug|Any CPU
		{11490C0F-4373-4114-96B8-25761D05B766}.Debug|Any CPU.Build.0 = Debug|Any CPU
		{11490C0F-4373-4114-96B8-25761D05B766}.Release|Any CPU.ActiveCfg = Release|Any CPU
		{11490C0F-4373-4114-96B8-25761D05B766}.Release|Any CPU.Build.0 = Release|Any CPU
	EndGlobalSection
	GlobalSection(SolutionProperties) = preSolution
		HideSolutionNode = FALSE
	EndGlobalSection
	GlobalSection(ExtensibilityGlobals) = postSolution
		SolutionGuid = {6E88D71E-52F6-4FCE-8E44-C1FDC55BB82A}
	EndGlobalSection
EndGlobal
